<?xml version="1.0" encoding="utf-8"?>
<Project ToolsVersion="4.0" xmlns="http://schemas.microsoft.com/developer/msbuild/2003">
  <ItemGroup>
    <Filter Include="Kaizen">
      <UniqueIdentifier>{07DDE8BD-F37E-1394-DC39-27E8C87A9AE4}</UniqueIdentifier>
    </Filter>
    <Filter Include="Kaizen\Events">
      <UniqueIdentifier>{0BBBF01E-777B-6C55-40B6-B5D2AC35B131}</UniqueIdentifier>
    </Filter>
    <Filter Include="Kaizen\ImGui">
      <UniqueIdentifier>{71BB3A20-5D1E-CAC4-06A4-027BF2E59547}</UniqueIdentifier>
    </Filter>
    <Filter Include="Platform">
      <UniqueIdentifier>{2AC788B4-1694-E3BF-3FAD-D1672BD9184E}</UniqueIdentifier>
    </Filter>
    <Filter Include="Platform\OpenGL">
      <UniqueIdentifier>{1E7D2C1D-8A08-9AE1-9319-1DD6FF23F6E1}</UniqueIdentifier>
    </Filter>
  </ItemGroup>
  <ItemGroup>
    <ClInclude Include="src\Kaizen.h" />
    <ClInclude Include="src\Kaizen\Application.h">
      <Filter>Kaizen</Filter>
    </ClInclude>
    <ClInclude Include="src\Kaizen\Core.h">
      <Filter>Kaizen</Filter>
    </ClInclude>
    <ClInclude Include="src\Kaizen\EntryPoint.h">
      <Filter>Kaizen</Filter>
    </ClInclude>
    <ClInclude Include="src\Kaizen\Events\ApplicationEvent.h">
      <Filter>Kaizen\Events</Filter>
    </ClInclude>
    <ClInclude Include="src\Kaizen\Events\Event.h">
      <Filter>Kaizen\Events</Filter>
    </ClInclude>
    <ClInclude Include="src\Kaizen\Events\KeyEvent.h">
      <Filter>Kaizen\Events</Filter>
    </ClInclude>
    <ClInclude Include="src\Kaizen\Events\MouseEvent.h">
      <Filter>Kaizen\Events</Filter>
    </ClInclude>
    <ClInclude Include="src\Kaizen\ImGui\ImGuiLayer.h">
      <Filter>Kaizen\ImGui</Filter>
    </ClInclude>
    <ClInclude Include="src\Kaizen\Layer.h">
      <Filter>Kaizen</Filter>
    </ClInclude>
    <ClInclude Include="src\Kaizen\LayerStack.h">
      <Filter>Kaizen</Filter>
    </ClInclude>
    <ClInclude Include="src\Kaizen\Log.h">
      <Filter>Kaizen</Filter>
    </ClInclude>
    <ClInclude Include="src\Kaizen\Window.h">
      <Filter>Kaizen</Filter>
    </ClInclude>
    <ClInclude Include="src\Platform\OpenGL\ImGuiOpenGLRenderer.h">
      <Filter>Platform\OpenGL</Filter>
    </ClInclude>
    <ClInclude Include="src\Platform\Windows\WindowsWindow.h">
      <Filter>Platform</Filter>
    </ClInclude>
    <ClInclude Include="src\kzpch.h" />
    <ClInclude Include="src\Kaizen\Input.h" />
    <ClInclude Include="src\Platform\Windows\WindowsInput.h" />
  </ItemGroup>
  <ItemGroup>
    <ClCompile Include="src\Kaizen\Application.cpp">
      <Filter>Kaizen</Filter>
    </ClCompile>
    <ClCompile Include="src\Kaizen\ImGui\ImGuiLayer.cpp">
      <Filter>Kaizen\ImGui</Filter>
    </ClCompile>
    <ClCompile Include="src\Kaizen\Layer.cpp">
      <Filter>Kaizen</Filter>
    </ClCompile>
    <ClCompile Include="src\Kaizen\LayerStack.cpp">
      <Filter>Kaizen</Filter>
    </ClCompile>
    <ClCompile Include="src\Kaizen\Log.cpp">
      <Filter>Kaizen</Filter>
    </ClCompile>
    <ClCompile Include="src\Platform\OpenGL\ImGuiOpenGLRenderer.cpp">
      <Filter>Platform\OpenGL</Filter>
    </ClCompile>
    <ClCompile Include="src\Platform\Windows\WindowsWindow.cpp">
      <Filter>Platform</Filter>
    </ClCompile>
    <ClCompile Include="src\kzpch.cpp" />
    <ClCompile Include="src\Platform\Windows\WindowsInput.cpp" />
  </ItemGroup>
</Project>