<?xml version="1.0" encoding="utf-8"?>
<Project ToolsVersion="4.0" xmlns="http://schemas.microsoft.com/developer/msbuild/2003">
  <ItemGroup>
    <Filter Include="Kaizen">
      <UniqueIdentifier>{07DDE8BD-F37E-1394-DC39-27E8C87A9AE4}</UniqueIdentifier>
    </Filter>
    <Filter Include="Kaizen\Events">
      <UniqueIdentifier>{0BBBF01E-777B-6C55-40B6-B5D2AC35B131}</UniqueIdentifier>
    </Filter>
    <Filter Include="Platform">
      <UniqueIdentifier>{2AC788B4-1694-E3BF-3FAD-D1672BD9184E}</UniqueIdentifier>
    </Filter>
  </ItemGroup>
  <ItemGroup>
    <ClInclude Include="src\Kaizen.h" />
    <ClInclude Include="src\Kaizen\Application.h">
      <Filter>Kaizen</Filter>
    </ClInclude>
    <ClInclude Include="src\Kaizen\Core.h">
      <Filter>Kaizen</Filter>
    </ClInclude>
    <ClInclude Include="src\Kaizen\EntryPoint.h">
      <Filter>Kaizen</Filter>
    </ClInclude>
    <ClInclude Include="src\Kaizen\Events\ApplicationEvent.h">
      <Filter>Kaizen\Events</Filter>
    </ClInclude>
    <ClInclude Include="src\Kaizen\Events\Event.h">
      <Filter>Kaizen\Events</Filter>
    </ClInclude>
    <ClInclude Include="src\Kaizen\Events\KeyEvent.h">
      <Filter>Kaizen\Events</Filter>
    </ClInclude>
    <ClInclude Include="src\Kaizen\Events\MouseEvent.h">
      <Filter>Kaizen\Events</Filter>
    </ClInclude>
    <ClInclude Include="src\Kaizen\Layer.h">
      <Filter>Kaizen</Filter>
    </ClInclude>
    <ClInclude Include="src\Kaizen\LayerStack.h">
      <Filter>Kaizen</Filter>
    </ClInclude>
    <ClInclude Include="src\Kaizen\Log.h">
      <Filter>Kaizen</Filter>
    </ClInclude>
    <ClInclude Include="src\Kaizen\Window.h">
      <Filter>Kaizen</Filter>
    </ClInclude>
    <ClInclude Include="src\Platform\WindowsWindow.h">
      <Filter>Platform</Filter>
    </ClInclude>
    <ClInclude Include="src\kzpch.h" />
  </ItemGroup>
  <ItemGroup>
    <ClCompile Include="src\Kaizen\Application.cpp">
      <Filter>Kaizen</Filter>
    </ClCompile>
    <ClCompile Include="src\Kaizen\Layer.cpp">
      <Filter>Kaizen</Filter>
    </ClCompile>
    <ClCompile Include="src\Kaizen\LayerStack.cpp">
      <Filter>Kaizen</Filter>
    </ClCompile>
    <ClCompile Include="src\Kaizen\Log.cpp">
      <Filter>Kaizen</Filter>
    </ClCompile>
    <ClCompile Include="src\Platform\WindowsWindow.cpp">
      <Filter>Platform</Filter>
    </ClCompile>
    <ClCompile Include="src\kzpch.cpp" />
  </ItemGroup>
</Project>